
Microsoft Visual Studio Solution File, Format Version 12.00
# Visual Studio Version 16
VisualStudioVersion = 16.0.35130.168
MinimumVisualStudioVersion = 10.0.40219.1
Project("{9A19103F-16F7-4668-BE54-9A1E7A4F7556}") = "CotizacionesApi", "CotizacionesApi\CotizacionesApi.csproj", "{EEBDFD59-F23B-4EAB-9450-1DF54D75EAA6}"
EndProject
Project("{FAE04EC0-301F-11D3-BF4B-00C04F79EFBC}") = "CotizacionesDomain", "CotizacionesDomain\CotizacionesDomain.csproj", "{45878025-D6E2-4CD2-9940-21BF74440975}"
EndProject
Project("{FAE04EC0-301F-11D3-BF4B-00C04F79EFBC}") = "CotizacionesInfrastructure", "CotizacionesInfrastructure\CotizacionesInfrastructure.csproj", "{EF6383BA-DFBE-4550-858D-6337F7C36CAE}"
EndProject
Project("{9A19103F-16F7-4668-BE54-9A1E7A4F7556}") = "CotizacionesTests", "CotizacionesTests\CotizacionesTests.csproj", "{4439C936-10AF-4576-9945-CF4D01E0823A}"
EndProject
Project("{2150E333-8FDC-42A3-9474-1A3956D46DE8}") = "Solution Items", "Solution Items", "{C6824288-2F86-480F-B8CB-C4499566D934}"
	ProjectSection(SolutionItems) = preProject
		DOCUMENTACIONTECNICA.md = DOCUMENTACIONTECNICA.md
	EndProjectSection
EndProject
Project("{FAE04EC0-301F-11D3-BF4B-00C04F79EFBC}") = "CotizacionesApplicatioin", "CotizacionesApplicatioin\CotizacionesApplicatioin.csproj", "{7029D14D-8D4B-4250-B691-AC4D40131D08}"
EndProject
Global
	GlobalSection(SolutionConfigurationPlatforms) = preSolution
		Debug|Any CPU = Debug|Any CPU
		Release|Any CPU = Release|Any CPU
	EndGlobalSection
	GlobalSection(ProjectConfigurationPlatforms) = postSolution
		{EEBDFD59-F23B-4EAB-9450-1DF54D75EAA6}.Debug|Any CPU.ActiveCfg = Debug|Any CPU
		{EEBDFD59-F23B-4EAB-9450-1DF54D75EAA6}.Debug|Any CPU.Build.0 = Debug|Any CPU
		{EEBDFD59-F23B-4EAB-9450-1DF54D75EAA6}.Release|Any CPU.ActiveCfg = Release|Any CPU
		{EEBDFD59-F23B-4EAB-9450-1DF54D75EAA6}.Release|Any CPU.Build.0 = Release|Any CPU
		{45878025-D6E2-4CD2-9940-21BF74440975}.Debug|Any CPU.ActiveCfg = Debug|Any CPU
		{45878025-D6E2-4CD2-9940-21BF74440975}.Debug|Any CPU.Build.0 = Debug|Any CPU
		{45878025-D6E2-4CD2-9940-21BF74440975}.Release|Any CPU.ActiveCfg = Release|Any CPU
		{45878025-D6E2-4CD2-9940-21BF74440975}.Release|Any CPU.Build.0 = Release|Any CPU
		{EF6383BA-DFBE-4550-858D-6337F7C36CAE}.Debug|Any CPU.ActiveCfg = Debug|Any CPU
		{EF6383BA-DFBE-4550-858D-6337F7C36CAE}.Debug|Any CPU.Build.0 = Debug|Any CPU
		{EF6383BA-DFBE-4550-858D-6337F7C36CAE}.Release|Any CPU.ActiveCfg = Release|Any CPU
		{EF6383BA-DFBE-4550-858D-6337F7C36CAE}.Release|Any CPU.Build.0 = Release|Any CPU
		{4439C936-10AF-4576-9945-CF4D01E0823A}.Debug|Any CPU.ActiveCfg = Debug|Any CPU
		{4439C936-10AF-4576-9945-CF4D01E0823A}.Debug|Any CPU.Build.0 = Debug|Any CPU
		{4439C936-10AF-4576-9945-CF4D01E0823A}.Release|Any CPU.ActiveCfg = Release|Any CPU
		{4439C936-10AF-4576-9945-CF4D01E0823A}.Release|Any CPU.Build.0 = Release|Any CPU
		{7029D14D-8D4B-4250-B691-AC4D40131D08}.Debug|Any CPU.ActiveCfg = Debug|Any CPU
		{7029D14D-8D4B-4250-B691-AC4D40131D08}.Debug|Any CPU.Build.0 = Debug|Any CPU
		{7029D14D-8D4B-4250-B691-AC4D40131D08}.Release|Any CPU.ActiveCfg = Release|Any CPU
		{7029D14D-8D4B-4250-B691-AC4D40131D08}.Release|Any CPU.Build.0 = Release|Any CPU
	EndGlobalSection
	GlobalSection(SolutionProperties) = preSolution
		HideSolutionNode = FALSE
	EndGlobalSection
	GlobalSection(ExtensibilityGlobals) = postSolution
		SolutionGuid = {CD469260-3418-4555-9542-80B59E4ECEDB}
	EndGlobalSection
EndGlobal
